{
   "name": "prediction",
   "version": "0.0.1",
   "lockfileVersion": 1,
   "requires": true,
   "dependencies": {
      "log-prefix": {
         "version": "0.1.1",
         "resolved": "https://registry.npmjs.org/log-prefix/-/log-prefix-0.1.1.tgz",
         "integrity": "sha512-aP1Lst8OCdZKATqzXDN0JBissNVZuiKLyo6hOXDBxaQ1jHDsaxh2J1i5Pp0zMy6ayTKDWfUlLMXyLaQe1PJ48g=="
      },
      "log-timestamp": {
         "version": "0.2.1",
         "resolved": "https://registry.npmjs.org/log-timestamp/-/log-timestamp-0.2.1.tgz",
         "integrity": "sha512-a+hFCox7Up3gBrfREwXGjUEozdqjJrqpy82a41BUSEKlmvEZbsjR9vaYh/2PNFwydxX1r3zgfS/mAdNmRY/lKQ==",
         "requires": {
            "log-prefix": "0.1.1"
         }
      },
      "minimist": {
         "version": "1.2.3",
         "resolved": "https://registry.npmjs.org/minimist/-/minimist-1.2.3.tgz",
         "integrity": "sha512-+bMdgqjMN/Z77a6NlY/I3U5LlRDbnmaAk6lDveAPKwSpcPM4tKAuYsvYF8xjhOPXhOYGe/73vVLVez5PW+jqhw=="
      },
      "quaternion": {
         "version": "1.0.5",
         "resolved": "https://registry.npmjs.org/quaternion/-/quaternion-1.0.5.tgz",
         "integrity": "sha512-StmkfFTHZ2CUA9b2qVCOaPZnuiR4W7YgRtrdCefICs4z+ny1qG3lpQ6UN33aC54h0r+i4D7sikvdg8Dv2DLGpw=="
      },
      "regression": {
         "version": "2.0.1",
         "resolved": "https://registry.npmjs.org/regression/-/regression-2.0.1.tgz",
         "integrity": "sha1-jSnD6CJKEIUMNeM36FqLL6w7DIc="
      },
      "three": {
         "version": "0.100.0",
         "resolved": "https://registry.npmjs.org/three/-/three-0.100.0.tgz",
         "integrity": "sha512-/lN2rdE1OqIwJr4/HcSaOisiCY0uVA0sqPpbCG5nil2uICEdS0LfGwSVYTtZDsIpR76r3++h5H3Hzg5D+SJBRQ=="
      }
   }
}
